<?xml version="1.0" encoding="utf-8"?>
<Project ToolsVersion="4.0" xmlns="http://schemas.microsoft.com/developer/msbuild/2003">
  <ItemGroup>
    <Filter Include="Source Files">
      <UniqueIdentifier>{4FC737F1-C7A5-4376-A066-2A32D752A2FF}</UniqueIdentifier>
      <Extensions>cpp;cxx;c;def</Extensions>
    </Filter>
    <Filter Include="Header Files">
      <UniqueIdentifier>{93995380-89BD-4b04-88EB-625FBE52EBFB}</UniqueIdentifier>
      <Extensions>h</Extensions>
    </Filter>
    <Filter Include="Form Files">
      <UniqueIdentifier>{99349809-55BA-4b9d-BF79-8FDBB0286EB3}</UniqueIdentifier>
      <Extensions>ui</Extensions>
    </Filter>
    <Filter Include="Resource Files">
      <UniqueIdentifier>{D9D6E242-F8AF-46E4-B9FD-80ECBC20BA3E}</UniqueIdentifier>
      <Extensions>qrc;*</Extensions>
      <ParseFiles>false</ParseFiles>
    </Filter>
    <Filter Include="Generated Files">
      <UniqueIdentifier>{71ED8ED8-ACB9-4CE9-BBE1-E00B30144E11}</UniqueIdentifier>
      <Extensions>moc;h;cpp</Extensions>
      <SourceControlFiles>False</SourceControlFiles>
    </Filter>
    <Filter Include="Generated Files\Debug">
      <UniqueIdentifier>{b8da9b2c-3926-4a99-a6e0-497bb50bf981}</UniqueIdentifier>
      <Extensions>cpp;moc</Extensions>
      <SourceControlFiles>False</SourceControlFiles>
    </Filter>
    <Filter Include="Generated Files\Release">
      <UniqueIdentifier>{78161acb-aaec-4d9d-a69b-fda0e9e9276d}</UniqueIdentifier>
      <Extensions>cpp;moc</Extensions>
      <SourceControlFiles>False</SourceControlFiles>
    </Filter>
    <Filter Include="Header Files\qt">
      <UniqueIdentifier>{42bad397-042b-4fcd-84a9-338b9f697506}</UniqueIdentifier>
    </Filter>
    <Filter Include="Source Files\qt">
      <UniqueIdentifier>{8e66bd79-2536-4bd6-b980-0665b0f55b47}</UniqueIdentifier>
    </Filter>
    <Filter Include="Header Files\view">
      <UniqueIdentifier>{3f329e59-1959-4afc-8915-ed17909ae132}</UniqueIdentifier>
    </Filter>
    <Filter Include="Source Files\view">
      <UniqueIdentifier>{0864596d-877e-4a10-8ef6-6ce90c34141f}</UniqueIdentifier>
    </Filter>
    <Filter Include="Source Files\glew">
      <UniqueIdentifier>{e30e5dcf-aff7-41df-9b4c-c13d6d532888}</UniqueIdentifier>
    </Filter>
    <Filter Include="Header Files\cutsim">
      <UniqueIdentifier>{a6aefd51-3997-4991-bd9b-e74af4ec36c1}</UniqueIdentifier>
    </Filter>
    <Filter Include="Header Files\value">
      <UniqueIdentifier>{b8b48d1e-eb70-41b6-953b-d77f49c3d9c0}</UniqueIdentifier>
    </Filter>
    <Filter Include="Source Files\cutsim">
      <UniqueIdentifier>{498a1e17-ec13-4a86-9926-9e0374f7595a}</UniqueIdentifier>
    </Filter>
    <Filter Include="Source Files\value">
      <UniqueIdentifier>{ccbfda09-d221-48b0-ac86-47211390c13e}</UniqueIdentifier>
    </Filter>
    <Filter Include="Header Files\sim">
      <UniqueIdentifier>{4f09cc17-98f0-44d9-bf93-51b75ab08716}</UniqueIdentifier>
    </Filter>
    <Filter Include="Source Files\sim">
      <UniqueIdentifier>{52e71aba-cbc3-45b7-b503-208350c11530}</UniqueIdentifier>
    </Filter>
    <Filter Include="Header Files\contour">
      <UniqueIdentifier>{2dfcaef0-517a-465d-9a5a-beb57f42cc8f}</UniqueIdentifier>
    </Filter>
    <Filter Include="Source Files\contour">
      <UniqueIdentifier>{0d6602e2-27a3-4aa7-a987-9dfbb777c26e}</UniqueIdentifier>
    </Filter>
    <Filter Include="Header Files\tplang">
      <UniqueIdentifier>{83e967ef-7041-40d5-9132-648c081da127}</UniqueIdentifier>
    </Filter>
    <Filter Include="Header Files\gcode">
      <UniqueIdentifier>{cd9c102d-5884-42b6-bf1e-ed7996caace5}</UniqueIdentifier>
    </Filter>
    <Filter Include="Source Files\gcode">
      <UniqueIdentifier>{3860863c-9f45-431d-b9a4-3b934b91a9ac}</UniqueIdentifier>
    </Filter>
    <Filter Include="Source Files\gcode\ast">
      <UniqueIdentifier>{6cd5da2c-1ea4-461a-a217-5a564d3f8638}</UniqueIdentifier>
    </Filter>
    <Filter Include="Header Files\stl">
      <UniqueIdentifier>{16b26cbd-3528-4028-8409-61bc448e6238}</UniqueIdentifier>
    </Filter>
    <Filter Include="Source Files\stl">
      <UniqueIdentifier>{0e2934b4-f996-4cf0-a2dd-dbe2376f11f2}</UniqueIdentifier>
    </Filter>
    <Filter Include="Source Files\render">
      <UniqueIdentifier>{1409b3f8-ea9a-4add-aa6e-1b8778200e3b}</UniqueIdentifier>
    </Filter>
    <Filter Include="Header Files\render">
      <UniqueIdentifier>{159180b7-e9d0-4973-9320-64d9993d8a78}</UniqueIdentifier>
    </Filter>
    <Filter Include="Header Files\gcode\ast">
      <UniqueIdentifier>{e0a66f93-05b3-49dd-b777-15198f2e772d}</UniqueIdentifier>
    </Filter>
    <Filter Include="Header Files\clipper">
      <UniqueIdentifier>{530ff15f-cd10-4820-9dcc-a444585b003e}</UniqueIdentifier>
    </Filter>
    <Filter Include="Source Files\clipper">
      <UniqueIdentifier>{4f119b3a-78c0-4b9c-b5ae-cfe5a329d457}</UniqueIdentifier>
    </Filter>
    <Filter Include="Header Files\dxf">
      <UniqueIdentifier>{d122975f-2ae7-4d59-9600-a1d7e39f6e3c}</UniqueIdentifier>
    </Filter>
    <Filter Include="Source Files\dxf">
      <UniqueIdentifier>{129f349e-6bde-4549-9c77-fbc1ba38f6f6}</UniqueIdentifier>
    </Filter>
    <Filter Include="Source Files\dxf\dxflib">
      <UniqueIdentifier>{a6601246-be67-4115-9f2c-a8a49303df65}</UniqueIdentifier>
    </Filter>
    <Filter Include="Header Files\dxf\dxflib">
      <UniqueIdentifier>{95f1a84e-93a4-4f2e-94a0-8292c38e0525}</UniqueIdentifier>
    </Filter>
    <Filter Include="Source Files\tplang">
      <UniqueIdentifier>{508aaa1d-2547-4952-9d91-40fb7e6f45d1}</UniqueIdentifier>
    </Filter>
    <Filter Include="Header Files\remote">
      <UniqueIdentifier>{4ce3937c-2a05-4ddc-b3ae-f555fcb74e84}</UniqueIdentifier>
    </Filter>
    <Filter Include="Source Files\remote">
      <UniqueIdentifier>{f6c8a80f-f3ea-4892-bb09-e3e540d1d26d}</UniqueIdentifier>
    </Filter>
  </ItemGroup>
  <ItemGroup>
    <CustomBuild Include="ui\qtwin.ui">
      <Filter>Form Files</Filter>
    </CustomBuild>
    <CustomBuild Include="ui\qtwin.qrc">
      <Filter>Resource Files</Filter>
    </CustomBuild>
    <CustomBuild Include="src\qt\AboutDialog.h">
      <Filter>Header Files\qt</Filter>
    </CustomBuild>
    <CustomBuild Include="src\qt\DonateDialog.h">
      <Filter>Header Files\qt</Filter>
    </CustomBuild>
    <CustomBuild Include="src\qt\FileTabManager.h">
      <Filter>Header Files\qt</Filter>
    </CustomBuild>
    <CustomBuild Include="src\qt\GLView.h">
      <Filter>Header Files\qt</Filter>
    </CustomBuild>
    <CustomBuild Include="src\qt\NCEdit.h">
      <Filter>Header Files\qt</Filter>
    </CustomBuild>
    <CustomBuild Include="src\qt\ProjectModel.h">
      <Filter>Header Files\qt</Filter>
    </CustomBuild>
    <CustomBuild Include="src\qt\QtWin.h">
      <Filter>Header Files\qt</Filter>
    </CustomBuild>
    <CustomBuild Include="ui\about_dialog.ui">
      <Filter>Form Files</Filter>
    </CustomBuild>
    <CustomBuild Include="ui\donate_dialog.ui">
      <Filter>Form Files</Filter>
    </CustomBuild>
    <CustomBuild Include="ui\export_dialog.ui">
      <Filter>Form Files</Filter>
    </CustomBuild>
    <CustomBuild Include="ui\new_dialog.ui">
      <Filter>Form Files</Filter>
    </CustomBuild>
  </ItemGroup>
  <ItemGroup>
    <ClCompile Include="src\main.cpp">
      <Filter>Source Files</Filter>
    </ClCompile>
    <ClCompile Include="GeneratedFiles\qrc_qtwin.cpp">
      <Filter>Generated Files</Filter>
    </ClCompile>
    <ClCompile Include="src\view\BoundsView.cpp">
      <Filter>Source Files\view</Filter>
    </ClCompile>
    <ClCompile Include="src\view\Color.cpp">
      <Filter>Source Files\view</Filter>
    </ClCompile>
    <ClCompile Include="src\view\CuboidView.cpp">
      <Filter>Source Files\view</Filter>
    </ClCompile>
    <ClCompile Include="src\view\GL.cpp">
      <Filter>Source Files\view</Filter>
    </ClCompile>
    <ClCompile Include="src\view\ToolPathView.cpp">
      <Filter>Source Files\view</Filter>
    </ClCompile>
    <ClCompile Include="src\view\ToolView.cpp">
      <Filter>Source Files\view</Filter>
    </ClCompile>
    <ClCompile Include="src\view\View.cpp">
      <Filter>Source Files\view</Filter>
    </ClCompile>
    <ClCompile Include="src\view\Viewer.cpp">
      <Filter>Source Files\view</Filter>
    </ClCompile>
    <ClCompile Include="src\view\ViewPort.cpp">
      <Filter>Source Files\view</Filter>
    </ClCompile>
    <ClCompile Include="src\Task.cpp">
      <Filter>Source Files</Filter>
    </ClCompile>
    <ClCompile Include="src\cutsim\AABB.cpp">
      <Filter>Source Files\cutsim</Filter>
    </ClCompile>
    <ClCompile Include="src\cutsim\AABBTree.cpp">
      <Filter>Source Files\cutsim</Filter>
    </ClCompile>
    <ClCompile Include="src\cutsim\CompositeSweep.cpp">
      <Filter>Source Files\cutsim</Filter>
    </ClCompile>
    <ClCompile Include="src\cutsim\ConicSweep.cpp">
      <Filter>Source Files\cutsim</Filter>
    </ClCompile>
    <ClCompile Include="src\cutsim\CutSim.cpp">
      <Filter>Source Files\cutsim</Filter>
    </ClCompile>
    <ClCompile Include="src\cutsim\CutWorkpiece.cpp">
      <Filter>Source Files\cutsim</Filter>
    </ClCompile>
    <ClCompile Include="src\cutsim\Move.cpp">
      <Filter>Source Files\cutsim</Filter>
    </ClCompile>
    <ClCompile Include="src\cutsim\MoveType.cpp">
      <Filter>Source Files\cutsim</Filter>
    </ClCompile>
    <ClCompile Include="src\cutsim\NCFile.cpp">
      <Filter>Source Files\cutsim</Filter>
    </ClCompile>
    <ClCompile Include="src\cutsim\Project.cpp">
      <Filter>Source Files\cutsim</Filter>
    </ClCompile>
    <ClCompile Include="src\cutsim\ResolutionMode.cpp">
      <Filter>Source Files\cutsim</Filter>
    </ClCompile>
    <ClCompile Include="src\cutsim\SpheroidSweep.cpp">
      <Filter>Source Files\cutsim</Filter>
    </ClCompile>
    <ClCompile Include="src\cutsim\Sweep.cpp">
      <Filter>Source Files\cutsim</Filter>
    </ClCompile>
    <ClCompile Include="src\cutsim\ToolPath.cpp">
      <Filter>Source Files\cutsim</Filter>
    </ClCompile>
    <ClCompile Include="src\cutsim\ToolSweep.cpp">
      <Filter>Source Files\cutsim</Filter>
    </ClCompile>
    <ClCompile Include="src\cutsim\Workpiece.cpp">
      <Filter>Source Files\cutsim</Filter>
    </ClCompile>
    <ClCompile Include="src\value\ValueGroup.cpp">
      <Filter>Source Files\value</Filter>
    </ClCompile>
    <ClCompile Include="src\value\ValueSet.cpp">
      <Filter>Source Files\value</Filter>
    </ClCompile>
    <ClCompile Include="src\sim\Controller.cpp">
      <Filter>Source Files\sim</Filter>
    </ClCompile>
    <ClCompile Include="src\sim\Machine.cpp">
      <Filter>Source Files\sim</Filter>
    </ClCompile>
    <ClCompile Include="src\sim\Tool.cpp">
      <Filter>Source Files\sim</Filter>
    </ClCompile>
    <ClCompile Include="src\sim\ToolShape.cpp">
      <Filter>Source Files\sim</Filter>
    </ClCompile>
    <ClCompile Include="src\sim\ToolTable.cpp">
      <Filter>Source Files\sim</Filter>
    </ClCompile>
    <ClCompile Include="src\sim\ToolUnits.cpp">
      <Filter>Source Files\sim</Filter>
    </ClCompile>
    <ClCompile Include="src\contour\CellSlice.cpp">
      <Filter>Source Files\contour</Filter>
    </ClCompile>
    <ClCompile Include="src\contour\CompositeSurface.cpp">
      <Filter>Source Files\contour</Filter>
    </ClCompile>
    <ClCompile Include="src\contour\ContourGenerator.cpp">
      <Filter>Source Files\contour</Filter>
    </ClCompile>
    <ClCompile Include="src\contour\DualContouring.cpp">
      <Filter>Source Files\contour</Filter>
    </ClCompile>
    <ClCompile Include="src\contour\ElementSurface.cpp">
      <Filter>Source Files\contour</Filter>
    </ClCompile>
    <ClCompile Include="src\contour\FieldFunction.cpp">
      <Filter>Source Files\contour</Filter>
    </ClCompile>
    <ClCompile Include="src\contour\HermiteData.cpp">
      <Filter>Source Files\contour</Filter>
    </ClCompile>
    <ClCompile Include="src\contour\HermiteSlice.cpp">
      <Filter>Source Files\contour</Filter>
    </ClCompile>
    <ClCompile Include="src\contour\MarchingCubes.cpp">
      <Filter>Source Files\contour</Filter>
    </ClCompile>
    <ClCompile Include="src\contour\QEF.cpp">
      <Filter>Source Files\contour</Filter>
    </ClCompile>
    <ClCompile Include="src\contour\SampleSlice.cpp">
      <Filter>Source Files\contour</Filter>
    </ClCompile>
    <ClCompile Include="src\contour\Surface.cpp">
      <Filter>Source Files\contour</Filter>
    </ClCompile>
    <ClCompile Include="src\gcode\Codes.cpp">
      <Filter>Source Files\gcode</Filter>
    </ClCompile>
    <ClCompile Include="src\gcode\Evaluator.cpp">
      <Filter>Source Files\gcode</Filter>
    </ClCompile>
    <ClCompile Include="src\gcode\GCodeInterpreter.cpp">
      <Filter>Source Files\gcode</Filter>
    </ClCompile>
    <ClCompile Include="src\gcode\Interpreter.cpp">
      <Filter>Source Files\gcode</Filter>
    </ClCompile>
    <ClCompile Include="src\gcode\ModalGroup.cpp">
      <Filter>Source Files\gcode</Filter>
    </ClCompile>
    <ClCompile Include="src\gcode\OCodeInterpreter.cpp">
      <Filter>Source Files\gcode</Filter>
    </ClCompile>
    <ClCompile Include="src\gcode\Parser.cpp">
      <Filter>Source Files\gcode</Filter>
    </ClCompile>
    <ClCompile Include="src\gcode\Printer.cpp">
      <Filter>Source Files\gcode</Filter>
    </ClCompile>
    <ClCompile Include="src\gcode\Tokenizer.cpp">
      <Filter>Source Files\gcode</Filter>
    </ClCompile>
    <ClCompile Include="src\gcode\TokenType.cpp">
      <Filter>Source Files\gcode</Filter>
    </ClCompile>
    <ClCompile Include="src\gcode\ast\Assign.cpp">
      <Filter>Source Files\gcode\ast</Filter>
    </ClCompile>
    <ClCompile Include="src\gcode\ast\BinaryOp.cpp">
      <Filter>Source Files\gcode\ast</Filter>
    </ClCompile>
    <ClCompile Include="src\gcode\ast\Block.cpp">
      <Filter>Source Files\gcode\ast</Filter>
    </ClCompile>
    <ClCompile Include="src\gcode\ast\Comment.cpp">
      <Filter>Source Files\gcode\ast</Filter>
    </ClCompile>
    <ClCompile Include="src\gcode\ast\FunctionCall.cpp">
      <Filter>Source Files\gcode\ast</Filter>
    </ClCompile>
    <ClCompile Include="src\gcode\ast\NamedReference.cpp">
      <Filter>Source Files\gcode\ast</Filter>
    </ClCompile>
    <ClCompile Include="src\gcode\ast\Number.cpp">
      <Filter>Source Files\gcode\ast</Filter>
    </ClCompile>
    <ClCompile Include="src\gcode\ast\OCode.cpp">
      <Filter>Source Files\gcode\ast</Filter>
    </ClCompile>
    <ClCompile Include="src\gcode\ast\Operator.cpp">
      <Filter>Source Files\gcode\ast</Filter>
    </ClCompile>
    <ClCompile Include="src\gcode\ast\Program.cpp">
      <Filter>Source Files\gcode\ast</Filter>
    </ClCompile>
    <ClCompile Include="src\gcode\ast\QuotedExpr.cpp">
      <Filter>Source Files\gcode\ast</Filter>
    </ClCompile>
    <ClCompile Include="src\gcode\ast\Reference.cpp">
      <Filter>Source Files\gcode\ast</Filter>
    </ClCompile>
    <ClCompile Include="src\gcode\ast\UnaryOp.cpp">
      <Filter>Source Files\gcode\ast</Filter>
    </ClCompile>
    <ClCompile Include="src\gcode\ast\Word.cpp">
      <Filter>Source Files\gcode\ast</Filter>
    </ClCompile>
    <ClCompile Include="src\stl\STL.cpp">
      <Filter>Source Files\stl</Filter>
    </ClCompile>
    <ClCompile Include="src\render\Renderer.cpp">
      <Filter>Source Files\render</Filter>
    </ClCompile>
    <ClCompile Include="src\render\RenderJob.cpp">
      <Filter>Source Files\render</Filter>
    </ClCompile>
    <ClCompile Include="src\render\RenderMode.cpp">
      <Filter>Source Files\render</Filter>
    </ClCompile>
    <ClCompile Include="src\clipper\clipper.cpp">
      <Filter>Source Files\clipper</Filter>
    </ClCompile>
    <ClCompile Include="src\dxf\DXFReader.cpp">
      <Filter>Source Files\dxf</Filter>
    </ClCompile>
    <ClCompile Include="src\dxf\dxflib\dl_dxf.cpp">
      <Filter>Source Files\dxf\dxflib</Filter>
    </ClCompile>
    <ClCompile Include="src\dxf\dxflib\dl_writer_ascii.cpp">
      <Filter>Source Files\dxf\dxflib</Filter>
    </ClCompile>
    <ClCompile Include="src\tplang\Axes.cpp">
      <Filter>Source Files\tplang</Filter>
    </ClCompile>
    <ClCompile Include="src\tplang\ClipperLibrary.cpp">
      <Filter>Source Files\tplang</Filter>
    </ClCompile>
    <ClCompile Include="src\tplang\DXFLibrary.cpp">
      <Filter>Source Files\tplang</Filter>
    </ClCompile>
    <ClCompile Include="src\tplang\GCodeLibrary.cpp">
      <Filter>Source Files\tplang</Filter>
    </ClCompile>
    <ClCompile Include="src\tplang\GCodeMachine.cpp">
      <Filter>Source Files\tplang</Filter>
    </ClCompile>
    <ClCompile Include="src\tplang\Javascript.cpp">
      <Filter>Source Files\tplang</Filter>
    </ClCompile>
    <ClCompile Include="src\tplang\MachineLinearizer.cpp">
      <Filter>Source Files\tplang</Filter>
    </ClCompile>
    <ClCompile Include="src\tplang\MachineMatrix.cpp">
      <Filter>Source Files\tplang</Filter>
    </ClCompile>
    <ClCompile Include="src\tplang\MachinePipeline.cpp">
      <Filter>Source Files\tplang</Filter>
    </ClCompile>
    <ClCompile Include="src\tplang\MachineState.cpp">
      <Filter>Source Files\tplang</Filter>
    </ClCompile>
    <ClCompile Include="src\tplang\MachineUnitAdapter.cpp">
      <Filter>Source Files\tplang</Filter>
    </ClCompile>
    <ClCompile Include="src\tplang\MatrixLibrary.cpp">
      <Filter>Source Files\tplang</Filter>
    </ClCompile>
    <ClCompile Include="src\tplang\MoveSink.cpp">
      <Filter>Source Files\tplang</Filter>
    </ClCompile>
    <ClCompile Include="src\tplang\MoveStream.cpp">
      <Filter>Source Files\tplang</Filter>
    </ClCompile>
    <ClCompile Include="src\tplang\TPLContext.cpp">
      <Filter>Source Files\tplang</Filter>
    </ClCompile>
    <ClCompile Include="src\tplang\TransMatrix.cpp">
      <Filter>Source Files\tplang</Filter>
    </ClCompile>
    <ClCompile Include="src\tplang\Interpreter2.cpp">
      <Filter>Source Files\tplang</Filter>
    </ClCompile>
    <ClCompile Include="src\qt\AboutDialog.cpp">
      <Filter>Source Files\qt</Filter>
    </ClCompile>
    <ClCompile Include="src\qt\ClickWidget.cpp">
      <Filter>Source Files\qt</Filter>
    </ClCompile>
    <ClCompile Include="src\qt\CutSimThread.cpp">
      <Filter>Source Files\qt</Filter>
    </ClCompile>
    <ClCompile Include="src\qt\DonateDialog.cpp">
      <Filter>Source Files\qt</Filter>
    </ClCompile>
    <ClCompile Include="src\qt\ExportDialog.cpp">
      <Filter>Source Files\qt</Filter>
    </ClCompile>
    <ClCompile Include="src\qt\FileDialog.cpp">
      <Filter>Source Files\qt</Filter>
    </ClCompile>
    <ClCompile Include="src\qt\FileTabManager.cpp">
      <Filter>Source Files\qt</Filter>
    </ClCompile>
    <ClCompile Include="src\qt\GCodeHighlighter.cpp">
      <Filter>Source Files\qt</Filter>
    </ClCompile>
    <ClCompile Include="src\qt\GLView.cpp">
      <Filter>Source Files\qt</Filter>
    </ClCompile>
    <ClCompile Include="src\qt\Highlighter.cpp">
      <Filter>Source Files\qt</Filter>
    </ClCompile>
    <ClCompile Include="src\qt\NCEdit.cpp">
      <Filter>Source Files\qt</Filter>
    </ClCompile>
    <ClCompile Include="src\qt\NewDialog.cpp">
      <Filter>Source Files\qt</Filter>
    </ClCompile>
    <ClCompile Include="src\qt\ProjectModel.cpp">
      <Filter>Source Files\qt</Filter>
    </ClCompile>
    <ClCompile Include="src\qt\QApplication.cpp">
      <Filter>Source Files\qt</Filter>
    </ClCompile>
    <ClCompile Include="src\qt\QtApp.cpp">
      <Filter>Source Files\qt</Filter>
    </ClCompile>
    <ClCompile Include="src\qt\QtWin.cpp">
      <Filter>Source Files\qt</Filter>
    </ClCompile>
    <ClCompile Include="src\qt\SidebarWidget.cpp">
      <Filter>Source Files\qt</Filter>
    </ClCompile>
    <ClCompile Include="src\qt\SurfaceThread.cpp">
      <Filter>Source Files\qt</Filter>
    </ClCompile>
    <ClCompile Include="src\qt\ToolPathThread.cpp">
      <Filter>Source Files\qt</Filter>
    </ClCompile>
    <ClCompile Include="src\qt\TPLHighlighter.cpp">
      <Filter>Source Files\qt</Filter>
    </ClCompile>
    <ClCompile Include="GeneratedFiles\Debug\moc_AboutDialog.cpp">
      <Filter>Generated Files\Debug</Filter>
    </ClCompile>
    <ClCompile Include="GeneratedFiles\Release\moc_AboutDialog.cpp">
      <Filter>Generated Files\Release</Filter>
    </ClCompile>
    <ClCompile Include="GeneratedFiles\Debug\moc_DonateDialog.cpp">
      <Filter>Generated Files\Debug</Filter>
    </ClCompile>
    <ClCompile Include="GeneratedFiles\Release\moc_DonateDialog.cpp">
      <Filter>Generated Files\Release</Filter>
    </ClCompile>
    <ClCompile Include="GeneratedFiles\Debug\moc_FileTabManager.cpp">
      <Filter>Generated Files\Debug</Filter>
    </ClCompile>
    <ClCompile Include="GeneratedFiles\Release\moc_FileTabManager.cpp">
      <Filter>Generated Files\Release</Filter>
    </ClCompile>
    <ClCompile Include="GeneratedFiles\Debug\moc_GLView.cpp">
      <Filter>Generated Files\Debug</Filter>
    </ClCompile>
    <ClCompile Include="GeneratedFiles\Release\moc_GLView.cpp">
      <Filter>Generated Files\Release</Filter>
    </ClCompile>
    <ClCompile Include="GeneratedFiles\Debug\moc_NCEdit.cpp">
      <Filter>Generated Files\Debug</Filter>
    </ClCompile>
    <ClCompile Include="GeneratedFiles\Release\moc_NCEdit.cpp">
      <Filter>Generated Files\Release</Filter>
    </ClCompile>
    <ClCompile Include="GeneratedFiles\Debug\moc_ProjectModel.cpp">
      <Filter>Generated Files\Debug</Filter>
    </ClCompile>
    <ClCompile Include="GeneratedFiles\Release\moc_ProjectModel.cpp">
      <Filter>Generated Files\Release</Filter>
    </ClCompile>
    <ClCompile Include="GeneratedFiles\Debug\moc_QtWin.cpp">
      <Filter>Generated Files\Debug</Filter>
    </ClCompile>
    <ClCompile Include="GeneratedFiles\Release\moc_QtWin.cpp">
      <Filter>Generated Files\Release</Filter>
    </ClCompile>
    <ClCompile Include="src\remote\Connection.cpp">
      <Filter>Source Files\remote</Filter>
    </ClCompile>
    <ClCompile Include="src\remote\ConnectionManager.cpp">
      <Filter>Source Files\remote</Filter>
    </ClCompile>
    <ClCompile Include="src\Application.cpp">
      <Filter>Source Files</Filter>
    </ClCompile>
  </ItemGroup>
  <ItemGroup>
    <ClInclude Include="GeneratedFiles\ui_qtwin.h">
      <Filter>Generated Files</Filter>
    </ClInclude>
    <ClInclude Include="src\view\BoundsView.h">
      <Filter>Header Files\view</Filter>
    </ClInclude>
    <ClInclude Include="src\view\Color.h">
      <Filter>Header Files\view</Filter>
    </ClInclude>
    <ClInclude Include="src\view\CuboidView.h">
      <Filter>Header Files\view</Filter>
    </ClInclude>
    <ClInclude Include="src\view\GL.h">
      <Filter>Header Files\view</Filter>
    </ClInclude>
    <ClInclude Include="src\view\ToolPathView.h">
      <Filter>Header Files\view</Filter>
    </ClInclude>
    <ClInclude Include="src\view\ToolView.h">
      <Filter>Header Files\view</Filter>
    </ClInclude>
    <ClInclude Include="src\view\View.h">
      <Filter>Header Files\view</Filter>
    </ClInclude>
    <ClInclude Include="src\view\Viewer.h">
      <Filter>Header Files\view</Filter>
    </ClInclude>
    <ClInclude Include="src\view\ViewPort.h">
      <Filter>Header Files\view</Filter>
    </ClInclude>
    <ClInclude Include="src\Task.h">
      <Filter>Header Files</Filter>
    </ClInclude>
    <ClInclude Include="src\Real.h">
      <Filter>Header Files</Filter>
    </ClInclude>
    <ClInclude Include="src\Geom.h">
      <Filter>Header Files</Filter>
    </ClInclude>
    <ClInclude Include="src\cutsim\Workpiece.h">
      <Filter>Header Files\cutsim</Filter>
    </ClInclude>
    <ClInclude Include="src\cutsim\ToolSweep.h">
      <Filter>Header Files\cutsim</Filter>
    </ClInclude>
    <ClInclude Include="src\cutsim\ToolPath.h">
      <Filter>Header Files\cutsim</Filter>
    </ClInclude>
    <ClInclude Include="src\cutsim\Sweep.h">
      <Filter>Header Files\cutsim</Filter>
    </ClInclude>
    <ClInclude Include="src\cutsim\SpheroidSweep.h">
      <Filter>Header Files\cutsim</Filter>
    </ClInclude>
    <ClInclude Include="src\cutsim\ResolutionMode.h">
      <Filter>Header Files\cutsim</Filter>
    </ClInclude>
    <ClInclude Include="src\cutsim\Project.h">
      <Filter>Header Files\cutsim</Filter>
    </ClInclude>
    <ClInclude Include="src\cutsim\NCFile.h">
      <Filter>Header Files\cutsim</Filter>
    </ClInclude>
    <ClInclude Include="src\cutsim\MoveType.h">
      <Filter>Header Files\cutsim</Filter>
    </ClInclude>
    <ClInclude Include="src\cutsim\Move.h">
      <Filter>Header Files\cutsim</Filter>
    </ClInclude>
    <ClInclude Include="src\cutsim\CutWorkpiece.h">
      <Filter>Header Files\cutsim</Filter>
    </ClInclude>
    <ClInclude Include="src\cutsim\CutSim.h">
      <Filter>Header Files\cutsim</Filter>
    </ClInclude>
    <ClInclude Include="src\cutsim\ConicSweep.h">
      <Filter>Header Files\cutsim</Filter>
    </ClInclude>
    <ClInclude Include="src\cutsim\CompositeSweep.h">
      <Filter>Header Files\cutsim</Filter>
    </ClInclude>
    <ClInclude Include="src\cutsim\AABBTree.h">
      <Filter>Header Files\cutsim</Filter>
    </ClInclude>
    <ClInclude Include="src\cutsim\AABB.h">
      <Filter>Header Files\cutsim</Filter>
    </ClInclude>
    <ClInclude Include="src\value\MemberFunctorObserver.h">
      <Filter>Header Files\value</Filter>
    </ClInclude>
    <ClInclude Include="src\value\MemberFunctorValue.h">
      <Filter>Header Files\value</Filter>
    </ClInclude>
    <ClInclude Include="src\value\Observer.h">
      <Filter>Header Files\value</Filter>
    </ClInclude>
    <ClInclude Include="src\value\Value.h">
      <Filter>Header Files\value</Filter>
    </ClInclude>
    <ClInclude Include="src\value\ValueGroup.h">
      <Filter>Header Files\value</Filter>
    </ClInclude>
    <ClInclude Include="src\value\ValueSet.h">
      <Filter>Header Files\value</Filter>
    </ClInclude>
    <ClInclude Include="src\value\VarValue.h">
      <Filter>Header Files\value</Filter>
    </ClInclude>
    <ClInclude Include="src\sim\ToolUnits.h">
      <Filter>Header Files\sim</Filter>
    </ClInclude>
    <ClInclude Include="src\sim\ToolTable.h">
      <Filter>Header Files\sim</Filter>
    </ClInclude>
    <ClInclude Include="src\sim\ToolShape.h">
      <Filter>Header Files\sim</Filter>
    </ClInclude>
    <ClInclude Include="src\sim\Tool.h">
      <Filter>Header Files\sim</Filter>
    </ClInclude>
    <ClInclude Include="src\sim\Machine.h">
      <Filter>Header Files\sim</Filter>
    </ClInclude>
    <ClInclude Include="src\sim\CoordinateSystem.h">
      <Filter>Header Files\sim</Filter>
    </ClInclude>
    <ClInclude Include="src\sim\Controller.h">
      <Filter>Header Files\sim</Filter>
    </ClInclude>
    <ClInclude Include="src\sim\Addresses.h">
      <Filter>Header Files\sim</Filter>
    </ClInclude>
    <ClInclude Include="src\contour\Cell.h">
      <Filter>Header Files\contour</Filter>
    </ClInclude>
    <ClInclude Include="src\contour\CellSlice.h">
      <Filter>Header Files\contour</Filter>
    </ClInclude>
    <ClInclude Include="src\contour\CompositeSurface.h">
      <Filter>Header Files\contour</Filter>
    </ClInclude>
    <ClInclude Include="src\contour\ContourGenerator.h">
      <Filter>Header Files\contour</Filter>
    </ClInclude>
    <ClInclude Include="src\contour\DualContouring.h">
      <Filter>Header Files\contour</Filter>
    </ClInclude>
    <ClInclude Include="src\contour\Edge.h">
      <Filter>Header Files\contour</Filter>
    </ClInclude>
    <ClInclude Include="src\contour\ElementSurface.h">
      <Filter>Header Files\contour</Filter>
    </ClInclude>
    <ClInclude Include="src\contour\FieldFunction.h">
      <Filter>Header Files\contour</Filter>
    </ClInclude>
    <ClInclude Include="src\contour\HermiteData.h">
      <Filter>Header Files\contour</Filter>
    </ClInclude>
    <ClInclude Include="src\contour\HermiteSlice.h">
      <Filter>Header Files\contour</Filter>
    </ClInclude>
    <ClInclude Include="src\contour\MarchingCubes.h">
      <Filter>Header Files\contour</Filter>
    </ClInclude>
    <ClInclude Include="src\contour\QEF.h">
      <Filter>Header Files\contour</Filter>
    </ClInclude>
    <ClInclude Include="src\contour\SampleSlice.h">
      <Filter>Header Files\contour</Filter>
    </ClInclude>
    <ClInclude Include="src\contour\Surface.h">
      <Filter>Header Files\contour</Filter>
    </ClInclude>
    <ClInclude Include="src\tplang\Axes.h">
      <Filter>Header Files\tplang</Filter>
    </ClInclude>
    <ClInclude Include="src\tplang\ClipperLibrary.h">
      <Filter>Header Files\tplang</Filter>
    </ClInclude>
    <ClInclude Include="src\tplang\DXFLibrary.h">
      <Filter>Header Files\tplang</Filter>
    </ClInclude>
    <ClInclude Include="src\tplang\GCodeLibrary.h">
      <Filter>Header Files\tplang</Filter>
    </ClInclude>
    <ClInclude Include="src\tplang\GCodeMachine.h">
      <Filter>Header Files\tplang</Filter>
    </ClInclude>
    <ClInclude Include="src\tplang\Javascript.h">
      <Filter>Header Files\tplang</Filter>
    </ClInclude>
    <ClInclude Include="src\tplang\MachineAdapter.h">
      <Filter>Header Files\tplang</Filter>
    </ClInclude>
    <ClInclude Include="src\tplang\MachineEnum.h">
      <Filter>Header Files\tplang</Filter>
    </ClInclude>
    <ClInclude Include="src\tplang\MachineInterface.h">
      <Filter>Header Files\tplang</Filter>
    </ClInclude>
    <ClInclude Include="src\tplang\MachineLinearizer.h">
      <Filter>Header Files\tplang</Filter>
    </ClInclude>
    <ClInclude Include="src\tplang\MachineMatrix.h">
      <Filter>Header Files\tplang</Filter>
    </ClInclude>
    <ClInclude Include="src\tplang\MachinePipeline.h">
      <Filter>Header Files\tplang</Filter>
    </ClInclude>
    <ClInclude Include="src\tplang\MachineState.h">
      <Filter>Header Files\tplang</Filter>
    </ClInclude>
    <ClInclude Include="src\tplang\MachineUnitAdapter.h">
      <Filter>Header Files\tplang</Filter>
    </ClInclude>
    <ClInclude Include="src\tplang\MatrixLibrary.h">
      <Filter>Header Files\tplang</Filter>
    </ClInclude>
    <ClInclude Include="src\tplang\MoveSink.h">
      <Filter>Header Files\tplang</Filter>
    </ClInclude>
    <ClInclude Include="src\tplang\MoveStream.h">
      <Filter>Header Files\tplang</Filter>
    </ClInclude>
    <ClInclude Include="src\tplang\TPLContext.h">
      <Filter>Header Files\tplang</Filter>
    </ClInclude>
    <ClInclude Include="src\tplang\TransMatrix.h">
      <Filter>Header Files\tplang</Filter>
    </ClInclude>
    <ClInclude Include="src\stl\STL.h">
      <Filter>Header Files\stl</Filter>
    </ClInclude>
    <ClInclude Include="src\stl\Facet.h">
      <Filter>Header Files\stl</Filter>
    </ClInclude>
    <ClInclude Include="src\render\Renderer.h">
      <Filter>Header Files\render</Filter>
    </ClInclude>
    <ClInclude Include="src\render\RenderJob.h">
      <Filter>Header Files\render</Filter>
    </ClInclude>
    <ClInclude Include="src\render\RenderMode.h">
      <Filter>Header Files\render</Filter>
    </ClInclude>
    <ClInclude Include="src\gcode\Codes.h">
      <Filter>Header Files\gcode</Filter>
    </ClInclude>
    <ClInclude Include="src\gcode\Evaluator.h">
      <Filter>Header Files\gcode</Filter>
    </ClInclude>
    <ClInclude Include="src\gcode\GCodeInterpreter.h">
      <Filter>Header Files\gcode</Filter>
    </ClInclude>
    <ClInclude Include="src\gcode\Interpreter.h">
      <Filter>Header Files\gcode</Filter>
    </ClInclude>
    <ClInclude Include="src\gcode\ModalGroup.h">
      <Filter>Header Files\gcode</Filter>
    </ClInclude>
    <ClInclude Include="src\gcode\OCodeInterpreter.h">
      <Filter>Header Files\gcode</Filter>
    </ClInclude>
    <ClInclude Include="src\gcode\Parser.h">
      <Filter>Header Files\gcode</Filter>
    </ClInclude>
    <ClInclude Include="src\gcode\Printer.h">
      <Filter>Header Files\gcode</Filter>
    </ClInclude>
    <ClInclude Include="src\gcode\Processor.h">
      <Filter>Header Files\gcode</Filter>
    </ClInclude>
    <ClInclude Include="src\gcode\Token.h">
      <Filter>Header Files\gcode</Filter>
    </ClInclude>
    <ClInclude Include="src\gcode\Tokenizer.h">
      <Filter>Header Files\gcode</Filter>
    </ClInclude>
    <ClInclude Include="src\gcode\TokenType.h">
      <Filter>Header Files\gcode</Filter>
    </ClInclude>
    <ClInclude Include="src\gcode\VarTypes.h">
      <Filter>Header Files\gcode</Filter>
    </ClInclude>
    <ClInclude Include="src\gcode\ast\Assign.h">
      <Filter>Header Files\gcode\ast</Filter>
    </ClInclude>
    <ClInclude Include="src\gcode\ast\BinaryOp.h">
      <Filter>Header Files\gcode\ast</Filter>
    </ClInclude>
    <ClInclude Include="src\gcode\ast\Block.h">
      <Filter>Header Files\gcode\ast</Filter>
    </ClInclude>
    <ClInclude Include="src\gcode\ast\Comment.h">
      <Filter>Header Files\gcode\ast</Filter>
    </ClInclude>
    <ClInclude Include="src\gcode\ast\Entity.h">
      <Filter>Header Files\gcode\ast</Filter>
    </ClInclude>
    <ClInclude Include="src\gcode\ast\FunctionCall.h">
      <Filter>Header Files\gcode\ast</Filter>
    </ClInclude>
    <ClInclude Include="src\gcode\ast\NamedReference.h">
      <Filter>Header Files\gcode\ast</Filter>
    </ClInclude>
    <ClInclude Include="src\gcode\ast\Number.h">
      <Filter>Header Files\gcode\ast</Filter>
    </ClInclude>
    <ClInclude Include="src\gcode\ast\OCode.h">
      <Filter>Header Files\gcode\ast</Filter>
    </ClInclude>
    <ClInclude Include="src\gcode\ast\Operator.h">
      <Filter>Header Files\gcode\ast</Filter>
    </ClInclude>
    <ClInclude Include="src\gcode\ast\Program.h">
      <Filter>Header Files\gcode\ast</Filter>
    </ClInclude>
    <ClInclude Include="src\gcode\ast\QuotedExpr.h">
      <Filter>Header Files\gcode\ast</Filter>
    </ClInclude>
    <ClInclude Include="src\gcode\ast\Reference.h">
      <Filter>Header Files\gcode\ast</Filter>
    </ClInclude>
    <ClInclude Include="src\gcode\ast\UnaryOp.h">
      <Filter>Header Files\gcode\ast</Filter>
    </ClInclude>
    <ClInclude Include="src\gcode\ast\Word.h">
      <Filter>Header Files\gcode\ast</Filter>
    </ClInclude>
    <ClInclude Include="src\clipper\clipper.hpp">
      <Filter>Header Files\clipper</Filter>
    </ClInclude>
    <ClInclude Include="src\dxf\dxflib\dl_writer_ascii.h">
      <Filter>Header Files\dxf\dxflib</Filter>
    </ClInclude>
    <ClInclude Include="src\dxf\dxflib\dl_attributes.h">
      <Filter>Header Files\dxf\dxflib</Filter>
    </ClInclude>
    <ClInclude Include="src\dxf\dxflib\dl_codes.h">
      <Filter>Header Files\dxf\dxflib</Filter>
    </ClInclude>
    <ClInclude Include="src\dxf\dxflib\dl_creationadapter.h">
      <Filter>Header Files\dxf\dxflib</Filter>
    </ClInclude>
    <ClInclude Include="src\dxf\dxflib\dl_creationinterface.h">
      <Filter>Header Files\dxf\dxflib</Filter>
    </ClInclude>
    <ClInclude Include="src\dxf\dxflib\dl_dxf.h">
      <Filter>Header Files\dxf\dxflib</Filter>
    </ClInclude>
    <ClInclude Include="src\dxf\dxflib\dl_entities.h">
      <Filter>Header Files\dxf\dxflib</Filter>
    </ClInclude>
    <ClInclude Include="src\dxf\dxflib\dl_exception.h">
      <Filter>Header Files\dxf\dxflib</Filter>
    </ClInclude>
    <ClInclude Include="src\dxf\dxflib\dl_extrusion.h">
      <Filter>Header Files\dxf\dxflib</Filter>
    </ClInclude>
    <ClInclude Include="src\dxf\dxflib\dl_writer.h">
      <Filter>Header Files\dxf\dxflib</Filter>
    </ClInclude>
    <ClInclude Include="src\dxf\DXFArc.h">
      <Filter>Header Files\dxf</Filter>
    </ClInclude>
    <ClInclude Include="src\dxf\DXFEntity.h">
      <Filter>Header Files\dxf</Filter>
    </ClInclude>
    <ClInclude Include="src\dxf\DXFLine.h">
      <Filter>Header Files\dxf</Filter>
    </ClInclude>
    <ClInclude Include="src\dxf\DXFPoint.h">
      <Filter>Header Files\dxf</Filter>
    </ClInclude>
    <ClInclude Include="src\dxf\DXFPolyLine.h">
      <Filter>Header Files\dxf</Filter>
    </ClInclude>
    <ClInclude Include="src\dxf\DXFReader.h">
      <Filter>Header Files\dxf</Filter>
    </ClInclude>
    <ClInclude Include="src\dxf\DXFSpline.h">
      <Filter>Header Files\dxf</Filter>
    </ClInclude>
    <ClInclude Include="src\tplang\Interpreter2.h">
      <Filter>Header Files\tplang</Filter>
    </ClInclude>
    <ClInclude Include="src\qt\ClickWidget.h">
      <Filter>Header Files\qt</Filter>
    </ClInclude>
    <ClInclude Include="src\qt\ColorComponent.h">
      <Filter>Header Files\qt</Filter>
    </ClInclude>
    <ClInclude Include="src\qt\CutSimThread.h">
      <Filter>Header Files\qt</Filter>
    </ClInclude>
    <ClInclude Include="src\qt\ExportDialog.h">
      <Filter>Header Files\qt</Filter>
    </ClInclude>
    <ClInclude Include="src\qt\FileDialog.h">
      <Filter>Header Files\qt</Filter>
    </ClInclude>
    <ClInclude Include="src\qt\GCodeHighlighter.h">
      <Filter>Header Files\qt</Filter>
    </ClInclude>
    <ClInclude Include="src\qt\Highlighter.h">
      <Filter>Header Files\qt</Filter>
    </ClInclude>
    <ClInclude Include="src\qt\LineBuffer.h">
      <Filter>Header Files\qt</Filter>
    </ClInclude>
    <ClInclude Include="src\qt\NewDialog.h">
      <Filter>Header Files\qt</Filter>
    </ClInclude>
    <ClInclude Include="src\qt\QApplication.h">
      <Filter>Header Files\qt</Filter>
    </ClInclude>
    <ClInclude Include="src\qt\QtApp.h">
      <Filter>Header Files\qt</Filter>
    </ClInclude>
    <ClInclude Include="src\qt\QTextDevice.h">
      <Filter>Header Files\qt</Filter>
    </ClInclude>
    <ClInclude Include="src\qt\SidebarWidget.h">
      <Filter>Header Files\qt</Filter>
    </ClInclude>
    <ClInclude Include="src\qt\SurfaceThread.h">
      <Filter>Header Files\qt</Filter>
    </ClInclude>
    <ClInclude Include="src\qt\ToolPathThread.h">
      <Filter>Header Files\qt</Filter>
    </ClInclude>
    <ClInclude Include="src\qt\TPLHighlighter.h">
      <Filter>Header Files\qt</Filter>
    </ClInclude>
    <ClInclude Include="GeneratedFiles\ui_about_dialog.h">
      <Filter>Generated Files</Filter>
    </ClInclude>
    <ClInclude Include="GeneratedFiles\ui_donate_dialog.h">
      <Filter>Generated Files</Filter>
    </ClInclude>
    <ClInclude Include="GeneratedFiles\ui_export_dialog.h">
      <Filter>Generated Files</Filter>
    </ClInclude>
    <ClInclude Include="GeneratedFiles\ui_new_dialog.h">
      <Filter>Generated Files</Filter>
    </ClInclude>
    <ClInclude Include="src\remote\Connection.h">
      <Filter>Header Files\remote</Filter>
    </ClInclude>
    <ClInclude Include="src\remote\ConnectionManager.h">
      <Filter>Header Files\remote</Filter>
    </ClInclude>
    <ClInclude Include="src\Application.h">
      <Filter>Header Files</Filter>
    </ClInclude>
  </ItemGroup>
  <ItemGroup>
    <Image Include="ui\icons\add.png">
      <Filter>Resource Files</Filter>
    </Image>
    <Image Include="ui\icons\remove.png">
      <Filter>Resource Files</Filter>
    </Image>
    <Image Include="ui\icons\about.png">
      <Filter>Resource Files</Filter>
    </Image>
    <Image Include="ui\icons\back.png">
      <Filter>Resource Files</Filter>
    </Image>
    <Image Include="ui\icons\backward.png">
      <Filter>Resource Files</Filter>
    </Image>
    <Image Include="ui\icons\bottom.png">
      <Filter>Resource Files</Filter>
    </Image>
    <Image Include="ui\icons\configure.png">
      <Filter>Resource Files</Filter>
    </Image>
    <Image Include="ui\icons\end.png">
      <Filter>Resource Files</Filter>
    </Image>
    <Image Include="ui\icons\export.png">
      <Filter>Resource Files</Filter>
    </Image>
    <Image Include="ui\icons\faster.png">
      <Filter>Resource Files</Filter>
    </Image>
    <Image Include="ui\icons\forward.png">
      <Filter>Resource Files</Filter>
    </Image>
    <Image Include="ui\icons\front.png">
      <Filter>Resource Files</Filter>
    </Image>
    <Image Include="ui\icons\isometric.png">
      <Filter>Resource Files</Filter>
    </Image>
    <Image Include="ui\icons\left.png">
      <Filter>Resource Files</Filter>
    </Image>
    <Image Include="ui\icons\new.png">
      <Filter>Resource Files</Filter>
    </Image>
    <Image Include="ui\icons\open.png">
      <Filter>Resource Files</Filter>
    </Image>
    <Image Include="ui\icons\play.png">
      <Filter>Resource Files</Filter>
    </Image>
    <Image Include="ui\icons\pause.png">
      <Filter>Resource Files</Filter>
    </Image>
    <Image Include="ui\icons\quit.png">
      <Filter>Resource Files</Filter>
    </Image>
    <Image Include="ui\icons\restart.png">
      <Filter>Resource Files</Filter>
    </Image>
    <Image Include="ui\icons\right.png">
      <Filter>Resource Files</Filter>
    </Image>
    <Image Include="ui\icons\save_as.png">
      <Filter>Resource Files</Filter>
    </Image>
    <Image Include="ui\icons\save.png">
      <Filter>Resource Files</Filter>
    </Image>
    <Image Include="ui\icons\slower.png">
      <Filter>Resource Files</Filter>
    </Image>
    <Image Include="ui\icons\snapshot.png">
      <Filter>Resource Files</Filter>
    </Image>
    <Image Include="ui\icons\start.png">
      <Filter>Resource Files</Filter>
    </Image>
    <Image Include="ui\icons\stop.png">
      <Filter>Resource Files</Filter>
    </Image>
    <Image Include="ui\icons\top.png">
      <Filter>Resource Files</Filter>
    </Image>
    <Image Include="ui\icons\openscam.png">
      <Filter>Resource Files</Filter>
    </Image>
    <Image Include="ui\icons\go-left.png">
      <Filter>Resource Files</Filter>
    </Image>
    <Image Include="ui\icons\go-right.png">
      <Filter>Resource Files</Filter>
    </Image>
    <Image Include="ui\icons\bbox.png">
      <Filter>Resource Files</Filter>
    </Image>
    <Image Include="ui\icons\wire.png">
      <Filter>Resource Files</Filter>
    </Image>
    <Image Include="ui\icons\smooth.png">
      <Filter>Resource Files</Filter>
    </Image>
    <Image Include="ui\icons\surface.png">
      <Filter>Resource Files</Filter>
    </Image>
    <Image Include="ui\icons\path.png">
      <Filter>Resource Files</Filter>
    </Image>
    <Image Include="ui\icons\tool.png">
      <Filter>Resource Files</Filter>
    </Image>
    <Image Include="ui\icons\axes.png">
      <Filter>Resource Files</Filter>
    </Image>
    <Image Include="ui\icons\no-surface.png">
      <Filter>Resource Files</Filter>
    </Image>
    <Image Include="ui\icons\revert.png">
      <Filter>Resource Files</Filter>
    </Image>
    <Image Include="ui\icons\donate.png">
      <Filter>Resource Files</Filter>
    </Image>
    <Image Include="ui\images\bitcoin.png">
      <Filter>Resource Files</Filter>
    </Image>
    <Image Include="ui\images\openscam-bitcoin-donations.png">
      <Filter>Resource Files</Filter>
    </Image>
    <Image Include="ui\images\paypal_donate.png">
      <Filter>Resource Files</Filter>
    </Image>
    <Image Include="ui\images\paypal.png">
      <Filter>Resource Files</Filter>
    </Image>
    <Image Include="ui\icons\cut_surface.png">
      <Filter>Resource Files</Filter>
    </Image>
    <Image Include="ui\icons\running.gif">
      <Filter>Resource Files</Filter>
    </Image>
    <Image Include="ui\icons\idle.png">
      <Filter>Resource Files</Filter>
    </Image>
    <Image Include="ui\icons\help.png">
      <Filter>Resource Files</Filter>
    </Image>
    <Image Include="ui\icons\clear.png">
      <Filter>Resource Files</Filter>
    </Image>
    <Image Include="ui\icons\undo.png">
      <Filter>Resource Files</Filter>
    </Image>
    <Image Include="ui\icons\redo.png">
      <Filter>Resource Files</Filter>
    </Image>
    <Image Include="ui\icons\cut.png">
      <Filter>Resource Files</Filter>
    </Image>
    <Image Include="ui\icons\copy.png">
      <Filter>Resource Files</Filter>
    </Image>
    <Image Include="ui\icons\paste.png">
      <Filter>Resource Files</Filter>
    </Image>
    <Image Include="ui\icons\select-all.png">
      <Filter>Resource Files</Filter>
    </Image>
    <Image Include="ui\icons\delete.png">
      <Filter>Resource Files</Filter>
    </Image>
  </ItemGroup>
</Project>